
Microsoft Visual Studio Solution File, Format Version 12.00
# Visual Studio 15
VisualStudioVersion = 15.0.27130.2027
MinimumVisualStudioVersion = 10.0.40219.1
Project("{FAE04EC0-301F-11D3-BF4B-00C04F79EFBC}") = "MediaCenter", "MediaCenter\MediaCenter.csproj", "{87205786-C3D2-461E-8D39-F23B649AEF8C}"
EndProject
Project("{FAE04EC0-301F-11D3-BF4B-00C04F79EFBC}") = "MediaCenterUnitTest", "MediaCenterUnitTest\MediaCenterUnitTest.csproj", "{4BC954EE-6990-494D-B106-64F22F31F113}"
EndProject
Global
	GlobalSection(SolutionConfigurationPlatforms) = preSolution
		Debug|Any CPU = Debug|Any CPU
		Release|Any CPU = Release|Any CPU
	EndGlobalSection
	GlobalSection(ProjectConfigurationPlatforms) = postSolution
		{87205786-C3D2-461E-8D39-F23B649AEF8C}.Debug|Any CPU.ActiveCfg = Debug|Any CPU
		{87205786-C3D2-461E-8D39-F23B649AEF8C}.Debug|Any CPU.Build.0 = Debug|Any CPU
		{87205786-C3D2-461E-8D39-F23B649AEF8C}.Release|Any CPU.ActiveCfg = Release|Any CPU
		{87205786-C3D2-461E-8D39-F23B649AEF8C}.Release|Any CPU.Build.0 = Release|Any CPU
		{4BC954EE-6990-494D-B106-64F22F31F113}.Debug|Any CPU.ActiveCfg = Debug|Any CPU
		{4BC954EE-6990-494D-B106-64F22F31F113}.Debug|Any CPU.Build.0 = Debug|Any CPU
		{4BC954EE-6990-494D-B106-64F22F31F113}.Release|Any CPU.ActiveCfg = Release|Any CPU
		{4BC954EE-6990-494D-B106-64F22F31F113}.Release|Any CPU.Build.0 = Release|Any CPU
	EndGlobalSection
	GlobalSection(SolutionProperties) = preSolution
		HideSolutionNode = FALSE
	EndGlobalSection
	GlobalSection(ExtensibilityGlobals) = postSolution
		SolutionGuid = {A3C38610-F288-47C7-8B7A-FBB5AECA1438}
	EndGlobalSection
EndGlobal
